
Microsoft Visual Studio Solution File, Format Version 12.00
# Visual Studio Version 16
VisualStudioVersion = 16.0.30011.22
MinimumVisualStudioVersion = 10.0.40219.1
Project("{FAE04EC0-301F-11D3-BF4B-00C04F79EFBC}") = "ApplicationStartup", "..\ApplicationStartup\ApplicationStartup.csproj", "{45F47205-E429-4566-9042-A17091CA737C}"
	ProjectSection(ProjectDependencies) = postProject
		{C6BC8D11-F16E-48DA-9747-842543383E3A} = {C6BC8D11-F16E-48DA-9747-842543383E3A}
		{B4D936DA-10F2-4499-BE16-9EB29FC474DA} = {B4D936DA-10F2-4499-BE16-9EB29FC474DA}
	EndProjectSection
EndProject
Project("{FAE04EC0-301F-11D3-BF4B-00C04F79EFBC}") = "ApplicationSharedObj", "..\ApplicationSharedObj\ApplicationSharedObj.csproj", "{B4D936DA-10F2-4499-BE16-9EB29FC474DA}"
EndProject
Project("{FAE04EC0-301F-11D3-BF4B-00C04F79EFBC}") = "NACCMBrowserObj", "..\NACCMBrowserObj\NACCMBrowserObj.csproj", "{CCA9DA2F-F781-41C3-BD31-CA3031860EBA}"
	ProjectSection(ProjectDependencies) = postProject
		{C6BC8D11-F16E-48DA-9747-842543383E3A} = {C6BC8D11-F16E-48DA-9747-842543383E3A}
		{B4D936DA-10F2-4499-BE16-9EB29FC474DA} = {B4D936DA-10F2-4499-BE16-9EB29FC474DA}
	EndProjectSection
EndProject
Project("{FAE04EC0-301F-11D3-BF4B-00C04F79EFBC}") = "NACUserRoleObj", "..\NACUserRoleObj\NACUserRoleObj.csproj", "{1219E559-0C56-46A7-8282-9B72CC227C1C}"
	ProjectSection(ProjectDependencies) = postProject
		{B4D936DA-10F2-4499-BE16-9EB29FC474DA} = {B4D936DA-10F2-4499-BE16-9EB29FC474DA}
	EndProjectSection
EndProject
Project("{FAE04EC0-301F-11D3-BF4B-00C04F79EFBC}") = "CMDBInterface", "..\CMDBInterface\CMDBInterface.csproj", "{C6BC8D11-F16E-48DA-9747-842543383E3A}"
	ProjectSection(ProjectDependencies) = postProject
		{B4D936DA-10F2-4499-BE16-9EB29FC474DA} = {B4D936DA-10F2-4499-BE16-9EB29FC474DA}
	EndProjectSection
EndProject
Project("{00D1A9C2-B5F0-4AF3-8072-F6C62B433612}") = "CMBrowserApplicationStoredProcedures", "..\CMBrowserApplicationStoredProcedures\CMBrowserApplicationStoredProcedures.sqlproj", "{26E5AEAF-1D88-433D-A783-84F5A430A82A}"
EndProject
Project("{FAE04EC0-301F-11D3-BF4B-00C04F79EFBC}") = "DrugItems", "..\DrugItems\DrugItems.csproj", "{772E9E56-9628-420E-AA0F-75D8B53A1CF2}"
	ProjectSection(ProjectDependencies) = postProject
		{C6BC8D11-F16E-48DA-9747-842543383E3A} = {C6BC8D11-F16E-48DA-9747-842543383E3A}
		{CCA9DA2F-F781-41C3-BD31-CA3031860EBA} = {CCA9DA2F-F781-41C3-BD31-CA3031860EBA}
		{1219E559-0C56-46A7-8282-9B72CC227C1C} = {1219E559-0C56-46A7-8282-9B72CC227C1C}
		{B4D936DA-10F2-4499-BE16-9EB29FC474DA} = {B4D936DA-10F2-4499-BE16-9EB29FC474DA}
	EndProjectSection
EndProject
Project("{00D1A9C2-B5F0-4AF3-8072-F6C62B433612}") = "DrugItemStoredProcedures", "..\DrugItemStoredProcedures\DrugItemStoredProcedures.sqlproj", "{6C03A079-8CCA-462F-A298-4FC85654EEC7}"
EndProject
Project("{FAE04EC0-301F-11D3-BF4B-00C04F79EFBC}") = "ReportManager", "..\ReportManager\ReportManager.csproj", "{E48E81B7-DCE7-4023-ABA9-6038B3ECBF8E}"
	ProjectSection(ProjectDependencies) = postProject
		{B4D936DA-10F2-4499-BE16-9EB29FC474DA} = {B4D936DA-10F2-4499-BE16-9EB29FC474DA}
	EndProjectSection
EndProject
Project("{00D1A9C2-B5F0-4AF3-8072-F6C62B433612}") = "Triggers", "..\Triggers\Triggers.sqlproj", "{C46572D9-2424-4720-A874-8E22E8A3B50C}"
EndProject
Project("{F184B08F-C81C-45F6-A57F-5ABD9991F28F}") = "NACCM", "NACCM.vbproj", "{697FF19A-B5CD-4D31-82C5-61B54690C04B}"
EndProject
Global
	GlobalSection(SolutionConfigurationPlatforms) = preSolution
		Debug|Any CPU = Debug|Any CPU
		DEVAPP3WithDEVDB|Any CPU = DEVAPP3WithDEVDB|Any CPU
		DEVAPP3WithTESTDBA|Any CPU = DEVAPP3WithTESTDBA|Any CPU
		I2DEVELOPMENT|Any CPU = I2DEVELOPMENT|Any CPU
		LocalWithDEVDB2|Any CPU = LocalWithDEVDB2|Any CPU
		LocalWithTESTDBA|Any CPU = LocalWithTESTDBA|Any CPU
		PRDAPP1WithDEVDB|Any CPU = PRDAPP1WithDEVDB|Any CPU
		PRDAPP1WITHPRDDB1|Any CPU = PRDAPP1WITHPRDDB1|Any CPU
		PRDAPP1WithTESTDBA|Any CPU = PRDAPP1WithTESTDBA|Any CPU
		PRDAPP3WithPRDDB3|Any CPU = PRDAPP3WithPRDDB3|Any CPU
		PRDAPP3WithTESTDB3|Any CPU = PRDAPP3WithTESTDB3|Any CPU
		Release|Any CPU = Release|Any CPU
		TESTAPP3WithTESTDB3|Any CPU = TESTAPP3WithTESTDB3|Any CPU
		TESTAPPONRESTORE|Any CPU = TESTAPPONRESTORE|Any CPU
		TESTAPPWithDEVDB|Any CPU = TESTAPPWithDEVDB|Any CPU
		TESTAPPWithTESTDBA|Any CPU = TESTAPPWithTESTDBA|Any CPU
		TRAINING|Any CPU = TRAINING|Any CPU
	EndGlobalSection
	GlobalSection(ProjectConfigurationPlatforms) = postSolution
		{45F47205-E429-4566-9042-A17091CA737C}.Debug|Any CPU.ActiveCfg = DEVAPP3WithTESTDBA|Any CPU
		{45F47205-E429-4566-9042-A17091CA737C}.Debug|Any CPU.Build.0 = DEVAPP3WithTESTDBA|Any CPU
		{45F47205-E429-4566-9042-A17091CA737C}.DEVAPP3WithDEVDB|Any CPU.ActiveCfg = DEVAPP3WithDEVDB|Any CPU
		{45F47205-E429-4566-9042-A17091CA737C}.DEVAPP3WithDEVDB|Any CPU.Build.0 = DEVAPP3WithDEVDB|Any CPU
		{45F47205-E429-4566-9042-A17091CA737C}.DEVAPP3WithTESTDBA|Any CPU.ActiveCfg = DEVAPP3WithTESTDBA|Any CPU
		{45F47205-E429-4566-9042-A17091CA737C}.DEVAPP3WithTESTDBA|Any CPU.Build.0 = DEVAPP3WithTESTDBA|Any CPU
		{45F47205-E429-4566-9042-A17091CA737C}.I2DEVELOPMENT|Any CPU.ActiveCfg = I2DEVELOPMENT|Any CPU
		{45F47205-E429-4566-9042-A17091CA737C}.I2DEVELOPMENT|Any CPU.Build.0 = I2DEVELOPMENT|Any CPU
		{45F47205-E429-4566-9042-A17091CA737C}.LocalWithDEVDB2|Any CPU.ActiveCfg = LocalWithDEVDB2|Any CPU
		{45F47205-E429-4566-9042-A17091CA737C}.LocalWithDEVDB2|Any CPU.Build.0 = LocalWithDEVDB2|Any CPU
		{45F47205-E429-4566-9042-A17091CA737C}.LocalWithTESTDBA|Any CPU.ActiveCfg = LocalWithTESTDBA|Any CPU
		{45F47205-E429-4566-9042-A17091CA737C}.LocalWithTESTDBA|Any CPU.Build.0 = LocalWithTESTDBA|Any CPU
		{45F47205-E429-4566-9042-A17091CA737C}.PRDAPP1WithDEVDB|Any CPU.ActiveCfg = PRDAPP1WithTESTDBA|Any CPU
		{45F47205-E429-4566-9042-A17091CA737C}.PRDAPP1WithDEVDB|Any CPU.Build.0 = PRDAPP1WithTESTDBA|Any CPU
		{45F47205-E429-4566-9042-A17091CA737C}.PRDAPP1WITHPRDDB1|Any CPU.ActiveCfg = PRDAPP1WITHPRDDB1|Any CPU
		{45F47205-E429-4566-9042-A17091CA737C}.PRDAPP1WITHPRDDB1|Any CPU.Build.0 = PRDAPP1WITHPRDDB1|Any CPU
		{45F47205-E429-4566-9042-A17091CA737C}.PRDAPP1WithTESTDBA|Any CPU.ActiveCfg = PRDAPP1WithTESTDBA|Any CPU
		{45F47205-E429-4566-9042-A17091CA737C}.PRDAPP1WithTESTDBA|Any CPU.Build.0 = PRDAPP1WithTESTDBA|Any CPU
		{45F47205-E429-4566-9042-A17091CA737C}.PRDAPP3WithPRDDB3|Any CPU.ActiveCfg = PRDAPP3WithPRDDB3|Any CPU
		{45F47205-E429-4566-9042-A17091CA737C}.PRDAPP3WithPRDDB3|Any CPU.Build.0 = PRDAPP3WithPRDDB3|Any CPU
		{45F47205-E429-4566-9042-A17091CA737C}.PRDAPP3WithPRDDB3|Any CPU.Deploy.0 = PRDAPP3WithPRDDB3|Any CPU
		{45F47205-E429-4566-9042-A17091CA737C}.PRDAPP3WithTESTDB3|Any CPU.ActiveCfg = PRDAPP3WithTESTDB3|Any CPU
		{45F47205-E429-4566-9042-A17091CA737C}.PRDAPP3WithTESTDB3|Any CPU.Build.0 = PRDAPP3WithTESTDB3|Any CPU
		{45F47205-E429-4566-9042-A17091CA737C}.Release|Any CPU.ActiveCfg = PRDAPP3WithTESTDB3|Any CPU
		{45F47205-E429-4566-9042-A17091CA737C}.Release|Any CPU.Build.0 = PRDAPP3WithTESTDB3|Any CPU
		{45F47205-E429-4566-9042-A17091CA737C}.TESTAPP3WithTESTDB3|Any CPU.ActiveCfg = TESTAPP3WithTESTDB3|Any CPU
		{45F47205-E429-4566-9042-A17091CA737C}.TESTAPP3WithTESTDB3|Any CPU.Build.0 = TESTAPP3WithTESTDB3|Any CPU
		{45F47205-E429-4566-9042-A17091CA737C}.TESTAPPONRESTORE|Any CPU.ActiveCfg = TESTAPPONRESTORE|Any CPU
		{45F47205-E429-4566-9042-A17091CA737C}.TESTAPPONRESTORE|Any CPU.Build.0 = TESTAPPONRESTORE|Any CPU
		{45F47205-E429-4566-9042-A17091CA737C}.TESTAPPWithDEVDB|Any CPU.ActiveCfg = TESTAPPWithDEVDB|Any CPU
		{45F47205-E429-4566-9042-A17091CA737C}.TESTAPPWithDEVDB|Any CPU.Build.0 = TESTAPPWithDEVDB|Any CPU
		{45F47205-E429-4566-9042-A17091CA737C}.TESTAPPWithTESTDBA|Any CPU.ActiveCfg = DEVAPP3WithDEVDB|Any CPU
		{45F47205-E429-4566-9042-A17091CA737C}.TESTAPPWithTESTDBA|Any CPU.Build.0 = DEVAPP3WithDEVDB|Any CPU
		{45F47205-E429-4566-9042-A17091CA737C}.TRAINING|Any CPU.ActiveCfg = TRAINING|Any CPU
		{45F47205-E429-4566-9042-A17091CA737C}.TRAINING|Any CPU.Build.0 = TRAINING|Any CPU
		{B4D936DA-10F2-4499-BE16-9EB29FC474DA}.Debug|Any CPU.ActiveCfg = Debug|Any CPU
		{B4D936DA-10F2-4499-BE16-9EB29FC474DA}.Debug|Any CPU.Build.0 = Debug|Any CPU
		{B4D936DA-10F2-4499-BE16-9EB29FC474DA}.DEVAPP3WithDEVDB|Any CPU.ActiveCfg = DEVAPP3WithDEVDB|Any CPU
		{B4D936DA-10F2-4499-BE16-9EB29FC474DA}.DEVAPP3WithDEVDB|Any CPU.Build.0 = DEVAPP3WithDEVDB|Any CPU
		{B4D936DA-10F2-4499-BE16-9EB29FC474DA}.DEVAPP3WithTESTDBA|Any CPU.ActiveCfg = DEVAPP3WithTESTDBA|Any CPU
		{B4D936DA-10F2-4499-BE16-9EB29FC474DA}.DEVAPP3WithTESTDBA|Any CPU.Build.0 = DEVAPP3WithTESTDBA|Any CPU
		{B4D936DA-10F2-4499-BE16-9EB29FC474DA}.I2DEVELOPMENT|Any CPU.ActiveCfg = I2DEVELOPMENT|Any CPU
		{B4D936DA-10F2-4499-BE16-9EB29FC474DA}.I2DEVELOPMENT|Any CPU.Build.0 = I2DEVELOPMENT|Any CPU
		{B4D936DA-10F2-4499-BE16-9EB29FC474DA}.LocalWithDEVDB2|Any CPU.ActiveCfg = LocalWithDEVDB2|Any CPU
		{B4D936DA-10F2-4499-BE16-9EB29FC474DA}.LocalWithDEVDB2|Any CPU.Build.0 = LocalWithDEVDB2|Any CPU
		{B4D936DA-10F2-4499-BE16-9EB29FC474DA}.LocalWithTESTDBA|Any CPU.ActiveCfg = LocalWithTESTDBA|Any CPU
		{B4D936DA-10F2-4499-BE16-9EB29FC474DA}.LocalWithTESTDBA|Any CPU.Build.0 = LocalWithTESTDBA|Any CPU
		{B4D936DA-10F2-4499-BE16-9EB29FC474DA}.PRDAPP1WithDEVDB|Any CPU.ActiveCfg = Release|Any CPU
		{B4D936DA-10F2-4499-BE16-9EB29FC474DA}.PRDAPP1WithDEVDB|Any CPU.Build.0 = Release|Any CPU
		{B4D936DA-10F2-4499-BE16-9EB29FC474DA}.PRDAPP1WITHPRDDB1|Any CPU.ActiveCfg = PRDAPP1WITHPRDDB1|Any CPU
		{B4D936DA-10F2-4499-BE16-9EB29FC474DA}.PRDAPP1WITHPRDDB1|Any CPU.Build.0 = PRDAPP1WITHPRDDB1|Any CPU
		{B4D936DA-10F2-4499-BE16-9EB29FC474DA}.PRDAPP1WithTESTDBA|Any CPU.ActiveCfg = PRDAPP1WithTESTDBA|Any CPU
		{B4D936DA-10F2-4499-BE16-9EB29FC474DA}.PRDAPP1WithTESTDBA|Any CPU.Build.0 = PRDAPP1WithTESTDBA|Any CPU
		{B4D936DA-10F2-4499-BE16-9EB29FC474DA}.PRDAPP3WithPRDDB3|Any CPU.ActiveCfg = PRDAPP3WithPRDDB3|Any CPU
		{B4D936DA-10F2-4499-BE16-9EB29FC474DA}.PRDAPP3WithPRDDB3|Any CPU.Build.0 = PRDAPP3WithPRDDB3|Any CPU
		{B4D936DA-10F2-4499-BE16-9EB29FC474DA}.PRDAPP3WithTESTDB3|Any CPU.ActiveCfg = PRDAPP3WithTESTDB3|Any CPU
		{B4D936DA-10F2-4499-BE16-9EB29FC474DA}.PRDAPP3WithTESTDB3|Any CPU.Build.0 = PRDAPP3WithTESTDB3|Any CPU
		{B4D936DA-10F2-4499-BE16-9EB29FC474DA}.Release|Any CPU.ActiveCfg = Release|Any CPU
		{B4D936DA-10F2-4499-BE16-9EB29FC474DA}.Release|Any CPU.Build.0 = Release|Any CPU
		{B4D936DA-10F2-4499-BE16-9EB29FC474DA}.TESTAPP3WithTESTDB3|Any CPU.ActiveCfg = TESTAPP3WithTESTDB3|Any CPU
		{B4D936DA-10F2-4499-BE16-9EB29FC474DA}.TESTAPP3WithTESTDB3|Any CPU.Build.0 = TESTAPP3WithTESTDB3|Any CPU
		{B4D936DA-10F2-4499-BE16-9EB29FC474DA}.TESTAPPONRESTORE|Any CPU.ActiveCfg = TESTAPPONRESTORE|Any CPU
		{B4D936DA-10F2-4499-BE16-9EB29FC474DA}.TESTAPPONRESTORE|Any CPU.Build.0 = TESTAPPONRESTORE|Any CPU
		{B4D936DA-10F2-4499-BE16-9EB29FC474DA}.TESTAPPWithDEVDB|Any CPU.ActiveCfg = TESTAPPWithDEVDB|Any CPU
		{B4D936DA-10F2-4499-BE16-9EB29FC474DA}.TESTAPPWithDEVDB|Any CPU.Build.0 = TESTAPPWithDEVDB|Any CPU
		{B4D936DA-10F2-4499-BE16-9EB29FC474DA}.TESTAPPWithTESTDBA|Any CPU.ActiveCfg = Debug|Any CPU
		{B4D936DA-10F2-4499-BE16-9EB29FC474DA}.TESTAPPWithTESTDBA|Any CPU.Build.0 = Debug|Any CPU
		{B4D936DA-10F2-4499-BE16-9EB29FC474DA}.TRAINING|Any CPU.ActiveCfg = TRAINING|Any CPU
		{B4D936DA-10F2-4499-BE16-9EB29FC474DA}.TRAINING|Any CPU.Build.0 = TRAINING|Any CPU
		{CCA9DA2F-F781-41C3-BD31-CA3031860EBA}.Debug|Any CPU.ActiveCfg = Debug|Any CPU
		{CCA9DA2F-F781-41C3-BD31-CA3031860EBA}.Debug|Any CPU.Build.0 = Debug|Any CPU
		{CCA9DA2F-F781-41C3-BD31-CA3031860EBA}.DEVAPP3WithDEVDB|Any CPU.ActiveCfg = DEVAPP3WithDEVDB|Any CPU
		{CCA9DA2F-F781-41C3-BD31-CA3031860EBA}.DEVAPP3WithDEVDB|Any CPU.Build.0 = DEVAPP3WithDEVDB|Any CPU
		{CCA9DA2F-F781-41C3-BD31-CA3031860EBA}.DEVAPP3WithTESTDBA|Any CPU.ActiveCfg = DEVAPP3WithTESTDBA|Any CPU
		{CCA9DA2F-F781-41C3-BD31-CA3031860EBA}.DEVAPP3WithTESTDBA|Any CPU.Build.0 = DEVAPP3WithTESTDBA|Any CPU
		{CCA9DA2F-F781-41C3-BD31-CA3031860EBA}.I2DEVELOPMENT|Any CPU.ActiveCfg = I2DEVELOPMENT|Any CPU
		{CCA9DA2F-F781-41C3-BD31-CA3031860EBA}.I2DEVELOPMENT|Any CPU.Build.0 = I2DEVELOPMENT|Any CPU
		{CCA9DA2F-F781-41C3-BD31-CA3031860EBA}.LocalWithDEVDB2|Any CPU.ActiveCfg = LocalWithDEVDB2|Any CPU
		{CCA9DA2F-F781-41C3-BD31-CA3031860EBA}.LocalWithDEVDB2|Any CPU.Build.0 = LocalWithDEVDB2|Any CPU
		{CCA9DA2F-F781-41C3-BD31-CA3031860EBA}.LocalWithTESTDBA|Any CPU.ActiveCfg = LocalWithTESTDBA|Any CPU
		{CCA9DA2F-F781-41C3-BD31-CA3031860EBA}.LocalWithTESTDBA|Any CPU.Build.0 = LocalWithTESTDBA|Any CPU
		{CCA9DA2F-F781-41C3-BD31-CA3031860EBA}.PRDAPP1WithDEVDB|Any CPU.ActiveCfg = Release|Any CPU
		{CCA9DA2F-F781-41C3-BD31-CA3031860EBA}.PRDAPP1WithDEVDB|Any CPU.Build.0 = Release|Any CPU
		{CCA9DA2F-F781-41C3-BD31-CA3031860EBA}.PRDAPP1WITHPRDDB1|Any CPU.ActiveCfg = PRDAPP1WITHPRDDB1|Any CPU
		{CCA9DA2F-F781-41C3-BD31-CA3031860EBA}.PRDAPP1WITHPRDDB1|Any CPU.Build.0 = PRDAPP1WITHPRDDB1|Any CPU
		{CCA9DA2F-F781-41C3-BD31-CA3031860EBA}.PRDAPP1WithTESTDBA|Any CPU.ActiveCfg = PRDAPP1WithTESTDBA|Any CPU
		{CCA9DA2F-F781-41C3-BD31-CA3031860EBA}.PRDAPP1WithTESTDBA|Any CPU.Build.0 = PRDAPP1WithTESTDBA|Any CPU
		{CCA9DA2F-F781-41C3-BD31-CA3031860EBA}.PRDAPP3WithPRDDB3|Any CPU.ActiveCfg = PRDAPP3WithPRDDB3|Any CPU
		{CCA9DA2F-F781-41C3-BD31-CA3031860EBA}.PRDAPP3WithPRDDB3|Any CPU.Build.0 = PRDAPP3WithPRDDB3|Any CPU
		{CCA9DA2F-F781-41C3-BD31-CA3031860EBA}.PRDAPP3WithTESTDB3|Any CPU.ActiveCfg = PRDAPP3WithTESTDB3|Any CPU
		{CCA9DA2F-F781-41C3-BD31-CA3031860EBA}.PRDAPP3WithTESTDB3|Any CPU.Build.0 = PRDAPP3WithTESTDB3|Any CPU
		{CCA9DA2F-F781-41C3-BD31-CA3031860EBA}.Release|Any CPU.ActiveCfg = Release|Any CPU
		{CCA9DA2F-F781-41C3-BD31-CA3031860EBA}.Release|Any CPU.Build.0 = Release|Any CPU
		{CCA9DA2F-F781-41C3-BD31-CA3031860EBA}.TESTAPP3WithTESTDB3|Any CPU.ActiveCfg = TESTAPP3WithTESTDB3|Any CPU
		{CCA9DA2F-F781-41C3-BD31-CA3031860EBA}.TESTAPP3WithTESTDB3|Any CPU.Build.0 = TESTAPP3WithTESTDB3|Any CPU
		{CCA9DA2F-F781-41C3-BD31-CA3031860EBA}.TESTAPPONRESTORE|Any CPU.ActiveCfg = TESTAPPONRESTORE|Any CPU
		{CCA9DA2F-F781-41C3-BD31-CA3031860EBA}.TESTAPPONRESTORE|Any CPU.Build.0 = TESTAPPONRESTORE|Any CPU
		{CCA9DA2F-F781-41C3-BD31-CA3031860EBA}.TESTAPPWithDEVDB|Any CPU.ActiveCfg = TESTAPPWithDEVDB|Any CPU
		{CCA9DA2F-F781-41C3-BD31-CA3031860EBA}.TESTAPPWithDEVDB|Any CPU.Build.0 = TESTAPPWithDEVDB|Any CPU
		{CCA9DA2F-F781-41C3-BD31-CA3031860EBA}.TESTAPPWithTESTDBA|Any CPU.ActiveCfg = Debug|Any CPU
		{CCA9DA2F-F781-41C3-BD31-CA3031860EBA}.TESTAPPWithTESTDBA|Any CPU.Build.0 = Debug|Any CPU
		{CCA9DA2F-F781-41C3-BD31-CA3031860EBA}.TRAINING|Any CPU.ActiveCfg = TRAINING|Any CPU
		{CCA9DA2F-F781-41C3-BD31-CA3031860EBA}.TRAINING|Any CPU.Build.0 = TRAINING|Any CPU
		{1219E559-0C56-46A7-8282-9B72CC227C1C}.Debug|Any CPU.ActiveCfg = Debug|Any CPU
		{1219E559-0C56-46A7-8282-9B72CC227C1C}.Debug|Any CPU.Build.0 = Debug|Any CPU
		{1219E559-0C56-46A7-8282-9B72CC227C1C}.DEVAPP3WithDEVDB|Any CPU.ActiveCfg = DEVAPP3WithDEVDB|Any CPU
		{1219E559-0C56-46A7-8282-9B72CC227C1C}.DEVAPP3WithDEVDB|Any CPU.Build.0 = DEVAPP3WithDEVDB|Any CPU
		{1219E559-0C56-46A7-8282-9B72CC227C1C}.DEVAPP3WithTESTDBA|Any CPU.ActiveCfg = DEVAPP3WithTESTDBA|Any CPU
		{1219E559-0C56-46A7-8282-9B72CC227C1C}.DEVAPP3WithTESTDBA|Any CPU.Build.0 = DEVAPP3WithTESTDBA|Any CPU
		{1219E559-0C56-46A7-8282-9B72CC227C1C}.I2DEVELOPMENT|Any CPU.ActiveCfg = I2DEVELOPMENT|Any CPU
		{1219E559-0C56-46A7-8282-9B72CC227C1C}.I2DEVELOPMENT|Any CPU.Build.0 = I2DEVELOPMENT|Any CPU
		{1219E559-0C56-46A7-8282-9B72CC227C1C}.LocalWithDEVDB2|Any CPU.ActiveCfg = LocalWithDEVDB2|Any CPU
		{1219E559-0C56-46A7-8282-9B72CC227C1C}.LocalWithDEVDB2|Any CPU.Build.0 = LocalWithDEVDB2|Any CPU
		{1219E559-0C56-46A7-8282-9B72CC227C1C}.LocalWithTESTDBA|Any CPU.ActiveCfg = LocalWithTESTDBA|Any CPU
		{1219E559-0C56-46A7-8282-9B72CC227C1C}.LocalWithTESTDBA|Any CPU.Build.0 = LocalWithTESTDBA|Any CPU
		{1219E559-0C56-46A7-8282-9B72CC227C1C}.PRDAPP1WithDEVDB|Any CPU.ActiveCfg = Release|Any CPU
		{1219E559-0C56-46A7-8282-9B72CC227C1C}.PRDAPP1WithDEVDB|Any CPU.Build.0 = Release|Any CPU
		{1219E559-0C56-46A7-8282-9B72CC227C1C}.PRDAPP1WITHPRDDB1|Any CPU.ActiveCfg = PRDAPP1WITHPRDDB1|Any CPU
		{1219E559-0C56-46A7-8282-9B72CC227C1C}.PRDAPP1WITHPRDDB1|Any CPU.Build.0 = PRDAPP1WITHPRDDB1|Any CPU
		{1219E559-0C56-46A7-8282-9B72CC227C1C}.PRDAPP1WithTESTDBA|Any CPU.ActiveCfg = PRDAPP1WithTESTDBA|Any CPU
		{1219E559-0C56-46A7-8282-9B72CC227C1C}.PRDAPP1WithTESTDBA|Any CPU.Build.0 = PRDAPP1WithTESTDBA|Any CPU
		{1219E559-0C56-46A7-8282-9B72CC227C1C}.PRDAPP3WithPRDDB3|Any CPU.ActiveCfg = PRDAPP3WithPRDDB3|Any CPU
		{1219E559-0C56-46A7-8282-9B72CC227C1C}.PRDAPP3WithPRDDB3|Any CPU.Build.0 = PRDAPP3WithPRDDB3|Any CPU
		{1219E559-0C56-46A7-8282-9B72CC227C1C}.PRDAPP3WithTESTDB3|Any CPU.ActiveCfg = PRDAPP3WithTESTDB3|Any CPU
		{1219E559-0C56-46A7-8282-9B72CC227C1C}.PRDAPP3WithTESTDB3|Any CPU.Build.0 = PRDAPP3WithTESTDB3|Any CPU
		{1219E559-0C56-46A7-8282-9B72CC227C1C}.Release|Any CPU.ActiveCfg = Release|Any CPU
		{1219E559-0C56-46A7-8282-9B72CC227C1C}.Release|Any CPU.Build.0 = Release|Any CPU
		{1219E559-0C56-46A7-8282-9B72CC227C1C}.TESTAPP3WithTESTDB3|Any CPU.ActiveCfg = TESTAPP3WithTESTDB3|Any CPU
		{1219E559-0C56-46A7-8282-9B72CC227C1C}.TESTAPP3WithTESTDB3|Any CPU.Build.0 = TESTAPP3WithTESTDB3|Any CPU
		{1219E559-0C56-46A7-8282-9B72CC227C1C}.TESTAPPONRESTORE|Any CPU.ActiveCfg = TESTAPPONRESTORE|Any CPU
		{1219E559-0C56-46A7-8282-9B72CC227C1C}.TESTAPPONRESTORE|Any CPU.Build.0 = TESTAPPONRESTORE|Any CPU
		{1219E559-0C56-46A7-8282-9B72CC227C1C}.TESTAPPWithDEVDB|Any CPU.ActiveCfg = TESTAPPWithDEVDB|Any CPU
		{1219E559-0C56-46A7-8282-9B72CC227C1C}.TESTAPPWithDEVDB|Any CPU.Build.0 = TESTAPPWithDEVDB|Any CPU
		{1219E559-0C56-46A7-8282-9B72CC227C1C}.TESTAPPWithTESTDBA|Any CPU.ActiveCfg = Debug|Any CPU
		{1219E559-0C56-46A7-8282-9B72CC227C1C}.TESTAPPWithTESTDBA|Any CPU.Build.0 = Debug|Any CPU
		{1219E559-0C56-46A7-8282-9B72CC227C1C}.TRAINING|Any CPU.ActiveCfg = TRAINING|Any CPU
		{1219E559-0C56-46A7-8282-9B72CC227C1C}.TRAINING|Any CPU.Build.0 = TRAINING|Any CPU
		{C6BC8D11-F16E-48DA-9747-842543383E3A}.Debug|Any CPU.ActiveCfg = Debug|Any CPU
		{C6BC8D11-F16E-48DA-9747-842543383E3A}.Debug|Any CPU.Build.0 = Debug|Any CPU
		{C6BC8D11-F16E-48DA-9747-842543383E3A}.DEVAPP3WithDEVDB|Any CPU.ActiveCfg = DEVAPP3WithDEVDB|Any CPU
		{C6BC8D11-F16E-48DA-9747-842543383E3A}.DEVAPP3WithDEVDB|Any CPU.Build.0 = DEVAPP3WithDEVDB|Any CPU
		{C6BC8D11-F16E-48DA-9747-842543383E3A}.DEVAPP3WithTESTDBA|Any CPU.ActiveCfg = DEVAPP3WithTESTDBA|Any CPU
		{C6BC8D11-F16E-48DA-9747-842543383E3A}.DEVAPP3WithTESTDBA|Any CPU.Build.0 = DEVAPP3WithTESTDBA|Any CPU
		{C6BC8D11-F16E-48DA-9747-842543383E3A}.I2DEVELOPMENT|Any CPU.ActiveCfg = I2DEVELOPMENT|Any CPU
		{C6BC8D11-F16E-48DA-9747-842543383E3A}.I2DEVELOPMENT|Any CPU.Build.0 = I2DEVELOPMENT|Any CPU
		{C6BC8D11-F16E-48DA-9747-842543383E3A}.LocalWithDEVDB2|Any CPU.ActiveCfg = LocalWithDEVDB2|Any CPU
		{C6BC8D11-F16E-48DA-9747-842543383E3A}.LocalWithDEVDB2|Any CPU.Build.0 = LocalWithDEVDB2|Any CPU
		{C6BC8D11-F16E-48DA-9747-842543383E3A}.LocalWithTESTDBA|Any CPU.ActiveCfg = LocalWithTESTDBA|Any CPU
		{C6BC8D11-F16E-48DA-9747-842543383E3A}.LocalWithTESTDBA|Any CPU.Build.0 = LocalWithTESTDBA|Any CPU
		{C6BC8D11-F16E-48DA-9747-842543383E3A}.PRDAPP1WithDEVDB|Any CPU.ActiveCfg = Release|Any CPU
		{C6BC8D11-F16E-48DA-9747-842543383E3A}.PRDAPP1WithDEVDB|Any CPU.Build.0 = Release|Any CPU
		{C6BC8D11-F16E-48DA-9747-842543383E3A}.PRDAPP1WITHPRDDB1|Any CPU.ActiveCfg = PRDAPP1WITHPRDDB1|Any CPU
		{C6BC8D11-F16E-48DA-9747-842543383E3A}.PRDAPP1WITHPRDDB1|Any CPU.Build.0 = PRDAPP1WITHPRDDB1|Any CPU
		{C6BC8D11-F16E-48DA-9747-842543383E3A}.PRDAPP1WithTESTDBA|Any CPU.ActiveCfg = PRDAPP1WithTESTDBA|Any CPU
		{C6BC8D11-F16E-48DA-9747-842543383E3A}.PRDAPP1WithTESTDBA|Any CPU.Build.0 = PRDAPP1WithTESTDBA|Any CPU
		{C6BC8D11-F16E-48DA-9747-842543383E3A}.PRDAPP3WithPRDDB3|Any CPU.ActiveCfg = PRDAPP3WithPRDDB3|Any CPU
		{C6BC8D11-F16E-48DA-9747-842543383E3A}.PRDAPP3WithPRDDB3|Any CPU.Build.0 = PRDAPP3WithPRDDB3|Any CPU
		{C6BC8D11-F16E-48DA-9747-842543383E3A}.PRDAPP3WithTESTDB3|Any CPU.ActiveCfg = PRDAPP3WithTESTDB3|Any CPU
		{C6BC8D11-F16E-48DA-9747-842543383E3A}.PRDAPP3WithTESTDB3|Any CPU.Build.0 = PRDAPP3WithTESTDB3|Any CPU
		{C6BC8D11-F16E-48DA-9747-842543383E3A}.Release|Any CPU.ActiveCfg = Release|Any CPU
		{C6BC8D11-F16E-48DA-9747-842543383E3A}.Release|Any CPU.Build.0 = Release|Any CPU
		{C6BC8D11-F16E-48DA-9747-842543383E3A}.TESTAPP3WithTESTDB3|Any CPU.ActiveCfg = TESTAPP3WithTESTDB3|Any CPU
		{C6BC8D11-F16E-48DA-9747-842543383E3A}.TESTAPP3WithTESTDB3|Any CPU.Build.0 = TESTAPP3WithTESTDB3|Any CPU
		{C6BC8D11-F16E-48DA-9747-842543383E3A}.TESTAPPONRESTORE|Any CPU.ActiveCfg = TESTAPPONRESTORE|Any CPU
		{C6BC8D11-F16E-48DA-9747-842543383E3A}.TESTAPPONRESTORE|Any CPU.Build.0 = TESTAPPONRESTORE|Any CPU
		{C6BC8D11-F16E-48DA-9747-842543383E3A}.TESTAPPWithDEVDB|Any CPU.ActiveCfg = TESTAPPWithDEVDB|Any CPU
		{C6BC8D11-F16E-48DA-9747-842543383E3A}.TESTAPPWithDEVDB|Any CPU.Build.0 = TESTAPPWithDEVDB|Any CPU
		{C6BC8D11-F16E-48DA-9747-842543383E3A}.TESTAPPWithTESTDBA|Any CPU.ActiveCfg = Debug|Any CPU
		{C6BC8D11-F16E-48DA-9747-842543383E3A}.TESTAPPWithTESTDBA|Any CPU.Build.0 = Debug|Any CPU
		{C6BC8D11-F16E-48DA-9747-842543383E3A}.TRAINING|Any CPU.ActiveCfg = TRAINING|Any CPU
		{C6BC8D11-F16E-48DA-9747-842543383E3A}.TRAINING|Any CPU.Build.0 = TRAINING|Any CPU
		{26E5AEAF-1D88-433D-A783-84F5A430A82A}.Debug|Any CPU.ActiveCfg = Debug|Any CPU
		{26E5AEAF-1D88-433D-A783-84F5A430A82A}.Debug|Any CPU.Deploy.0 = Debug|Any CPU
		{26E5AEAF-1D88-433D-A783-84F5A430A82A}.DEVAPP3WithDEVDB|Any CPU.ActiveCfg = DEVAPP3WithDEVDB|Any CPU
		{26E5AEAF-1D88-433D-A783-84F5A430A82A}.DEVAPP3WithTESTDBA|Any CPU.ActiveCfg = DEVAPP3WithTESTDBA|Any CPU
		{26E5AEAF-1D88-433D-A783-84F5A430A82A}.I2DEVELOPMENT|Any CPU.ActiveCfg = I2DEVELOPMENT|Any CPU
		{26E5AEAF-1D88-433D-A783-84F5A430A82A}.I2DEVELOPMENT|Any CPU.Deploy.0 = I2DEVELOPMENT|Any CPU
		{26E5AEAF-1D88-433D-A783-84F5A430A82A}.LocalWithDEVDB2|Any CPU.ActiveCfg = LocalWithDEVDB2|Any CPU
		{26E5AEAF-1D88-433D-A783-84F5A430A82A}.LocalWithTESTDBA|Any CPU.ActiveCfg = LocalWithTESTDBA|Any CPU
		{26E5AEAF-1D88-433D-A783-84F5A430A82A}.PRDAPP1WithDEVDB|Any CPU.ActiveCfg = Release|Any CPU
		{26E5AEAF-1D88-433D-A783-84F5A430A82A}.PRDAPP1WITHPRDDB1|Any CPU.ActiveCfg = PRDAPP1WITHPRDDB1|Any CPU
		{26E5AEAF-1D88-433D-A783-84F5A430A82A}.PRDAPP1WithTESTDBA|Any CPU.ActiveCfg = PRDAPP1WithTESTDBA|Any CPU
		{26E5AEAF-1D88-433D-A783-84F5A430A82A}.PRDAPP3WithPRDDB3|Any CPU.ActiveCfg = PRDAPP3WithPRDDB3|Any CPU
		{26E5AEAF-1D88-433D-A783-84F5A430A82A}.PRDAPP3WithTESTDB3|Any CPU.ActiveCfg = PRDAPP3WithTESTDB3|Any CPU
		{26E5AEAF-1D88-433D-A783-84F5A430A82A}.PRDAPP3WithTESTDB3|Any CPU.Build.0 = PRDAPP3WithTESTDB3|Any CPU
		{26E5AEAF-1D88-433D-A783-84F5A430A82A}.PRDAPP3WithTESTDB3|Any CPU.Deploy.0 = PRDAPP3WithTESTDB3|Any CPU
		{26E5AEAF-1D88-433D-A783-84F5A430A82A}.Release|Any CPU.ActiveCfg = Release|Any CPU
		{26E5AEAF-1D88-433D-A783-84F5A430A82A}.Release|Any CPU.Build.0 = Release|Any CPU
		{26E5AEAF-1D88-433D-A783-84F5A430A82A}.Release|Any CPU.Deploy.0 = Release|Any CPU
		{26E5AEAF-1D88-433D-A783-84F5A430A82A}.TESTAPP3WithTESTDB3|Any CPU.ActiveCfg = TESTAPP3WithTESTDB3|Any CPU
		{26E5AEAF-1D88-433D-A783-84F5A430A82A}.TESTAPPONRESTORE|Any CPU.ActiveCfg = TESTAPPONRESTORE|Any CPU
		{26E5AEAF-1D88-433D-A783-84F5A430A82A}.TESTAPPONRESTORE|Any CPU.Deploy.0 = TESTAPPONRESTORE|Any CPU
		{26E5AEAF-1D88-433D-A783-84F5A430A82A}.TESTAPPWithDEVDB|Any CPU.ActiveCfg = TESTAPPWithDEVDB|Any CPU
		{26E5AEAF-1D88-433D-A783-84F5A430A82A}.TESTAPPWithTESTDBA|Any CPU.ActiveCfg = Release|Any CPU
		{26E5AEAF-1D88-433D-A783-84F5A430A82A}.TRAINING|Any CPU.ActiveCfg = TRAINING|Any CPU
		{26E5AEAF-1D88-433D-A783-84F5A430A82A}.TRAINING|Any CPU.Deploy.0 = TRAINING|Any CPU
		{772E9E56-9628-420E-AA0F-75D8B53A1CF2}.Debug|Any CPU.ActiveCfg = Debug|Any CPU
		{772E9E56-9628-420E-AA0F-75D8B53A1CF2}.Debug|Any CPU.Build.0 = Debug|Any CPU
		{772E9E56-9628-420E-AA0F-75D8B53A1CF2}.DEVAPP3WithDEVDB|Any CPU.ActiveCfg = DEVAPP3WithDEVDB|Any CPU
		{772E9E56-9628-420E-AA0F-75D8B53A1CF2}.DEVAPP3WithDEVDB|Any CPU.Build.0 = DEVAPP3WithDEVDB|Any CPU
		{772E9E56-9628-420E-AA0F-75D8B53A1CF2}.DEVAPP3WithTESTDBA|Any CPU.ActiveCfg = DEVAPP3WithTESTDBA|Any CPU
		{772E9E56-9628-420E-AA0F-75D8B53A1CF2}.DEVAPP3WithTESTDBA|Any CPU.Build.0 = DEVAPP3WithTESTDBA|Any CPU
		{772E9E56-9628-420E-AA0F-75D8B53A1CF2}.I2DEVELOPMENT|Any CPU.ActiveCfg = I2DEVELOPMENT|Any CPU
		{772E9E56-9628-420E-AA0F-75D8B53A1CF2}.I2DEVELOPMENT|Any CPU.Build.0 = I2DEVELOPMENT|Any CPU
		{772E9E56-9628-420E-AA0F-75D8B53A1CF2}.LocalWithDEVDB2|Any CPU.ActiveCfg = LocalWithDEVDB2|Any CPU
		{772E9E56-9628-420E-AA0F-75D8B53A1CF2}.LocalWithDEVDB2|Any CPU.Build.0 = LocalWithDEVDB2|Any CPU
		{772E9E56-9628-420E-AA0F-75D8B53A1CF2}.LocalWithTESTDBA|Any CPU.ActiveCfg = LocalWithTESTDBA|Any CPU
		{772E9E56-9628-420E-AA0F-75D8B53A1CF2}.LocalWithTESTDBA|Any CPU.Build.0 = LocalWithTESTDBA|Any CPU
		{772E9E56-9628-420E-AA0F-75D8B53A1CF2}.PRDAPP1WithDEVDB|Any CPU.ActiveCfg = Release|Any CPU
		{772E9E56-9628-420E-AA0F-75D8B53A1CF2}.PRDAPP1WithDEVDB|Any CPU.Build.0 = Release|Any CPU
		{772E9E56-9628-420E-AA0F-75D8B53A1CF2}.PRDAPP1WITHPRDDB1|Any CPU.ActiveCfg = PRDAPP1WITHPRDDB1|Any CPU
		{772E9E56-9628-420E-AA0F-75D8B53A1CF2}.PRDAPP1WITHPRDDB1|Any CPU.Build.0 = PRDAPP1WITHPRDDB1|Any CPU
		{772E9E56-9628-420E-AA0F-75D8B53A1CF2}.PRDAPP1WithTESTDBA|Any CPU.ActiveCfg = PRDAPP1WithTESTDBA|Any CPU
		{772E9E56-9628-420E-AA0F-75D8B53A1CF2}.PRDAPP1WithTESTDBA|Any CPU.Build.0 = PRDAPP1WithTESTDBA|Any CPU
		{772E9E56-9628-420E-AA0F-75D8B53A1CF2}.PRDAPP3WithPRDDB3|Any CPU.ActiveCfg = PRDAPP3WithPRDDB3|Any CPU
		{772E9E56-9628-420E-AA0F-75D8B53A1CF2}.PRDAPP3WithPRDDB3|Any CPU.Build.0 = PRDAPP3WithPRDDB3|Any CPU
		{772E9E56-9628-420E-AA0F-75D8B53A1CF2}.PRDAPP3WithTESTDB3|Any CPU.ActiveCfg = PRDAPP3WithTESTDB3|Any CPU
		{772E9E56-9628-420E-AA0F-75D8B53A1CF2}.PRDAPP3WithTESTDB3|Any CPU.Build.0 = PRDAPP3WithTESTDB3|Any CPU
		{772E9E56-9628-420E-AA0F-75D8B53A1CF2}.Release|Any CPU.ActiveCfg = Release|Any CPU
		{772E9E56-9628-420E-AA0F-75D8B53A1CF2}.Release|Any CPU.Build.0 = Release|Any CPU
		{772E9E56-9628-420E-AA0F-75D8B53A1CF2}.TESTAPP3WithTESTDB3|Any CPU.ActiveCfg = TESTAPP3WithTESTDB3|Any CPU
		{772E9E56-9628-420E-AA0F-75D8B53A1CF2}.TESTAPP3WithTESTDB3|Any CPU.Build.0 = TESTAPP3WithTESTDB3|Any CPU
		{772E9E56-9628-420E-AA0F-75D8B53A1CF2}.TESTAPPONRESTORE|Any CPU.ActiveCfg = TESTAPPONRESTORE|Any CPU
		{772E9E56-9628-420E-AA0F-75D8B53A1CF2}.TESTAPPONRESTORE|Any CPU.Build.0 = TESTAPPONRESTORE|Any CPU
		{772E9E56-9628-420E-AA0F-75D8B53A1CF2}.TESTAPPWithDEVDB|Any CPU.ActiveCfg = TESTAPPWithDEVDB|Any CPU
		{772E9E56-9628-420E-AA0F-75D8B53A1CF2}.TESTAPPWithDEVDB|Any CPU.Build.0 = TESTAPPWithDEVDB|Any CPU
		{772E9E56-9628-420E-AA0F-75D8B53A1CF2}.TESTAPPWithTESTDBA|Any CPU.ActiveCfg = Debug|Any CPU
		{772E9E56-9628-420E-AA0F-75D8B53A1CF2}.TESTAPPWithTESTDBA|Any CPU.Build.0 = Debug|Any CPU
		{772E9E56-9628-420E-AA0F-75D8B53A1CF2}.TRAINING|Any CPU.ActiveCfg = TRAINING|Any CPU
		{772E9E56-9628-420E-AA0F-75D8B53A1CF2}.TRAINING|Any CPU.Build.0 = TRAINING|Any CPU
		{6C03A079-8CCA-462F-A298-4FC85654EEC7}.Debug|Any CPU.ActiveCfg = Debug|Any CPU
		{6C03A079-8CCA-462F-A298-4FC85654EEC7}.Debug|Any CPU.Deploy.0 = Debug|Any CPU
		{6C03A079-8CCA-462F-A298-4FC85654EEC7}.DEVAPP3WithDEVDB|Any CPU.ActiveCfg = DEVAPP3WithDEVDB|Any CPU
		{6C03A079-8CCA-462F-A298-4FC85654EEC7}.DEVAPP3WithTESTDBA|Any CPU.ActiveCfg = DEVAPP3WithTESTDBA|Any CPU
		{6C03A079-8CCA-462F-A298-4FC85654EEC7}.I2DEVELOPMENT|Any CPU.ActiveCfg = I2DEVELOPMENT|Any CPU
		{6C03A079-8CCA-462F-A298-4FC85654EEC7}.I2DEVELOPMENT|Any CPU.Deploy.0 = I2DEVELOPMENT|Any CPU
		{6C03A079-8CCA-462F-A298-4FC85654EEC7}.LocalWithDEVDB2|Any CPU.ActiveCfg = LocalWithDEVDB2|Any CPU
		{6C03A079-8CCA-462F-A298-4FC85654EEC7}.LocalWithTESTDBA|Any CPU.ActiveCfg = LocalWithTESTDBA|Any CPU
		{6C03A079-8CCA-462F-A298-4FC85654EEC7}.PRDAPP1WithDEVDB|Any CPU.ActiveCfg = Release|Any CPU
		{6C03A079-8CCA-462F-A298-4FC85654EEC7}.PRDAPP1WITHPRDDB1|Any CPU.ActiveCfg = PRDAPP1WITHPRDDB1|Any CPU
		{6C03A079-8CCA-462F-A298-4FC85654EEC7}.PRDAPP1WithTESTDBA|Any CPU.ActiveCfg = PRDAPP1WithTESTDBA|Any CPU
		{6C03A079-8CCA-462F-A298-4FC85654EEC7}.PRDAPP3WithPRDDB3|Any CPU.ActiveCfg = PRDAPP3WithPRDDB3|Any CPU
		{6C03A079-8CCA-462F-A298-4FC85654EEC7}.PRDAPP3WithTESTDB3|Any CPU.ActiveCfg = PRDAPP3WithTESTDB3|Any CPU
		{6C03A079-8CCA-462F-A298-4FC85654EEC7}.PRDAPP3WithTESTDB3|Any CPU.Build.0 = PRDAPP3WithTESTDB3|Any CPU
		{6C03A079-8CCA-462F-A298-4FC85654EEC7}.PRDAPP3WithTESTDB3|Any CPU.Deploy.0 = PRDAPP3WithTESTDB3|Any CPU
		{6C03A079-8CCA-462F-A298-4FC85654EEC7}.Release|Any CPU.ActiveCfg = Release|Any CPU
		{6C03A079-8CCA-462F-A298-4FC85654EEC7}.Release|Any CPU.Build.0 = Release|Any CPU
		{6C03A079-8CCA-462F-A298-4FC85654EEC7}.Release|Any CPU.Deploy.0 = Release|Any CPU
		{6C03A079-8CCA-462F-A298-4FC85654EEC7}.TESTAPP3WithTESTDB3|Any CPU.ActiveCfg = TESTAPP3WithTESTDB3|Any CPU
		{6C03A079-8CCA-462F-A298-4FC85654EEC7}.TESTAPPONRESTORE|Any CPU.ActiveCfg = TESTAPPONRESTORE|Any CPU
		{6C03A079-8CCA-462F-A298-4FC85654EEC7}.TESTAPPONRESTORE|Any CPU.Deploy.0 = TESTAPPONRESTORE|Any CPU
		{6C03A079-8CCA-462F-A298-4FC85654EEC7}.TESTAPPWithDEVDB|Any CPU.ActiveCfg = TESTAPPWithDEVDB|Any CPU
		{6C03A079-8CCA-462F-A298-4FC85654EEC7}.TESTAPPWithTESTDBA|Any CPU.ActiveCfg = Release|Any CPU
		{6C03A079-8CCA-462F-A298-4FC85654EEC7}.TRAINING|Any CPU.ActiveCfg = TRAINING|Any CPU
		{6C03A079-8CCA-462F-A298-4FC85654EEC7}.TRAINING|Any CPU.Deploy.0 = TRAINING|Any CPU
		{E48E81B7-DCE7-4023-ABA9-6038B3ECBF8E}.Debug|Any CPU.ActiveCfg = Debug|Any CPU
		{E48E81B7-DCE7-4023-ABA9-6038B3ECBF8E}.Debug|Any CPU.Build.0 = Debug|Any CPU
		{E48E81B7-DCE7-4023-ABA9-6038B3ECBF8E}.DEVAPP3WithDEVDB|Any CPU.ActiveCfg = DEVAPP3WithDEVDB|Any CPU
		{E48E81B7-DCE7-4023-ABA9-6038B3ECBF8E}.DEVAPP3WithDEVDB|Any CPU.Build.0 = DEVAPP3WithDEVDB|Any CPU
		{E48E81B7-DCE7-4023-ABA9-6038B3ECBF8E}.DEVAPP3WithTESTDBA|Any CPU.ActiveCfg = DEVAPP3WithTESTDBA|Any CPU
		{E48E81B7-DCE7-4023-ABA9-6038B3ECBF8E}.DEVAPP3WithTESTDBA|Any CPU.Build.0 = DEVAPP3WithTESTDBA|Any CPU
		{E48E81B7-DCE7-4023-ABA9-6038B3ECBF8E}.I2DEVELOPMENT|Any CPU.ActiveCfg = I2DEVELOPMENT|Any CPU
		{E48E81B7-DCE7-4023-ABA9-6038B3ECBF8E}.I2DEVELOPMENT|Any CPU.Build.0 = I2DEVELOPMENT|Any CPU
		{E48E81B7-DCE7-4023-ABA9-6038B3ECBF8E}.LocalWithDEVDB2|Any CPU.ActiveCfg = LocalWithDEVDB2|Any CPU
		{E48E81B7-DCE7-4023-ABA9-6038B3ECBF8E}.LocalWithDEVDB2|Any CPU.Build.0 = LocalWithDEVDB2|Any CPU
		{E48E81B7-DCE7-4023-ABA9-6038B3ECBF8E}.LocalWithTESTDBA|Any CPU.ActiveCfg = LocalWithTESTDBA|Any CPU
		{E48E81B7-DCE7-4023-ABA9-6038B3ECBF8E}.LocalWithTESTDBA|Any CPU.Build.0 = LocalWithTESTDBA|Any CPU
		{E48E81B7-DCE7-4023-ABA9-6038B3ECBF8E}.PRDAPP1WithDEVDB|Any CPU.ActiveCfg = Release|Any CPU
		{E48E81B7-DCE7-4023-ABA9-6038B3ECBF8E}.PRDAPP1WithDEVDB|Any CPU.Build.0 = Release|Any CPU
		{E48E81B7-DCE7-4023-ABA9-6038B3ECBF8E}.PRDAPP1WITHPRDDB1|Any CPU.ActiveCfg = PRDAPP1WITHPRDDB1|Any CPU
		{E48E81B7-DCE7-4023-ABA9-6038B3ECBF8E}.PRDAPP1WITHPRDDB1|Any CPU.Build.0 = PRDAPP1WITHPRDDB1|Any CPU
		{E48E81B7-DCE7-4023-ABA9-6038B3ECBF8E}.PRDAPP1WithTESTDBA|Any CPU.ActiveCfg = PRDAPP1WithTESTDBA|Any CPU
		{E48E81B7-DCE7-4023-ABA9-6038B3ECBF8E}.PRDAPP1WithTESTDBA|Any CPU.Build.0 = PRDAPP1WithTESTDBA|Any CPU
		{E48E81B7-DCE7-4023-ABA9-6038B3ECBF8E}.PRDAPP3WithPRDDB3|Any CPU.ActiveCfg = PRDAPP3WithPRDDB3|Any CPU
		{E48E81B7-DCE7-4023-ABA9-6038B3ECBF8E}.PRDAPP3WithPRDDB3|Any CPU.Build.0 = PRDAPP3WithPRDDB3|Any CPU
		{E48E81B7-DCE7-4023-ABA9-6038B3ECBF8E}.PRDAPP3WithTESTDB3|Any CPU.ActiveCfg = PRDAPP3WithTESTDB3|Any CPU
		{E48E81B7-DCE7-4023-ABA9-6038B3ECBF8E}.PRDAPP3WithTESTDB3|Any CPU.Build.0 = PRDAPP3WithTESTDB3|Any CPU
		{E48E81B7-DCE7-4023-ABA9-6038B3ECBF8E}.Release|Any CPU.ActiveCfg = Release|Any CPU
		{E48E81B7-DCE7-4023-ABA9-6038B3ECBF8E}.Release|Any CPU.Build.0 = Release|Any CPU
		{E48E81B7-DCE7-4023-ABA9-6038B3ECBF8E}.TESTAPP3WithTESTDB3|Any CPU.ActiveCfg = TESTAPP3WithTESTDB3|Any CPU
		{E48E81B7-DCE7-4023-ABA9-6038B3ECBF8E}.TESTAPP3WithTESTDB3|Any CPU.Build.0 = TESTAPP3WithTESTDB3|Any CPU
		{E48E81B7-DCE7-4023-ABA9-6038B3ECBF8E}.TESTAPPONRESTORE|Any CPU.ActiveCfg = TESTAPPONRESTORE|Any CPU
		{E48E81B7-DCE7-4023-ABA9-6038B3ECBF8E}.TESTAPPONRESTORE|Any CPU.Build.0 = TESTAPPONRESTORE|Any CPU
		{E48E81B7-DCE7-4023-ABA9-6038B3ECBF8E}.TESTAPPWithDEVDB|Any CPU.ActiveCfg = TESTAPPWithDEVDB|Any CPU
		{E48E81B7-DCE7-4023-ABA9-6038B3ECBF8E}.TESTAPPWithDEVDB|Any CPU.Build.0 = TESTAPPWithDEVDB|Any CPU
		{E48E81B7-DCE7-4023-ABA9-6038B3ECBF8E}.TESTAPPWithTESTDBA|Any CPU.ActiveCfg = Debug|Any CPU
		{E48E81B7-DCE7-4023-ABA9-6038B3ECBF8E}.TESTAPPWithTESTDBA|Any CPU.Build.0 = Debug|Any CPU
		{E48E81B7-DCE7-4023-ABA9-6038B3ECBF8E}.TRAINING|Any CPU.ActiveCfg = TRAINING|Any CPU
		{E48E81B7-DCE7-4023-ABA9-6038B3ECBF8E}.TRAINING|Any CPU.Build.0 = TRAINING|Any CPU
		{C46572D9-2424-4720-A874-8E22E8A3B50C}.Debug|Any CPU.ActiveCfg = Debug|Any CPU
		{C46572D9-2424-4720-A874-8E22E8A3B50C}.Debug|Any CPU.Deploy.0 = Debug|Any CPU
		{C46572D9-2424-4720-A874-8E22E8A3B50C}.DEVAPP3WithDEVDB|Any CPU.ActiveCfg = Debug|Any CPU
		{C46572D9-2424-4720-A874-8E22E8A3B50C}.DEVAPP3WithTESTDBA|Any CPU.ActiveCfg = Debug|Any CPU
		{C46572D9-2424-4720-A874-8E22E8A3B50C}.DEVAPP3WithTESTDBA|Any CPU.Build.0 = Debug|Any CPU
		{C46572D9-2424-4720-A874-8E22E8A3B50C}.DEVAPP3WithTESTDBA|Any CPU.Deploy.0 = Debug|Any CPU
		{C46572D9-2424-4720-A874-8E22E8A3B50C}.I2DEVELOPMENT|Any CPU.ActiveCfg = I2DEVELOPMENT|Any CPU
		{C46572D9-2424-4720-A874-8E22E8A3B50C}.I2DEVELOPMENT|Any CPU.Deploy.0 = I2DEVELOPMENT|Any CPU
		{C46572D9-2424-4720-A874-8E22E8A3B50C}.LocalWithDEVDB2|Any CPU.ActiveCfg = Debug|Any CPU
		{C46572D9-2424-4720-A874-8E22E8A3B50C}.LocalWithDEVDB2|Any CPU.Build.0 = Debug|Any CPU
		{C46572D9-2424-4720-A874-8E22E8A3B50C}.LocalWithDEVDB2|Any CPU.Deploy.0 = Debug|Any CPU
		{C46572D9-2424-4720-A874-8E22E8A3B50C}.LocalWithTESTDBA|Any CPU.ActiveCfg = Debug|Any CPU
		{C46572D9-2424-4720-A874-8E22E8A3B50C}.LocalWithTESTDBA|Any CPU.Build.0 = Debug|Any CPU
		{C46572D9-2424-4720-A874-8E22E8A3B50C}.LocalWithTESTDBA|Any CPU.Deploy.0 = Debug|Any CPU
		{C46572D9-2424-4720-A874-8E22E8A3B50C}.PRDAPP1WithDEVDB|Any CPU.ActiveCfg = Debug|Any CPU
		{C46572D9-2424-4720-A874-8E22E8A3B50C}.PRDAPP1WithDEVDB|Any CPU.Build.0 = Debug|Any CPU
		{C46572D9-2424-4720-A874-8E22E8A3B50C}.PRDAPP1WithDEVDB|Any CPU.Deploy.0 = Debug|Any CPU
		{C46572D9-2424-4720-A874-8E22E8A3B50C}.PRDAPP1WITHPRDDB1|Any CPU.ActiveCfg = Debug|Any CPU
		{C46572D9-2424-4720-A874-8E22E8A3B50C}.PRDAPP1WITHPRDDB1|Any CPU.Build.0 = Debug|Any CPU
		{C46572D9-2424-4720-A874-8E22E8A3B50C}.PRDAPP1WITHPRDDB1|Any CPU.Deploy.0 = Debug|Any CPU
		{C46572D9-2424-4720-A874-8E22E8A3B50C}.PRDAPP1WithTESTDBA|Any CPU.ActiveCfg = Debug|Any CPU
		{C46572D9-2424-4720-A874-8E22E8A3B50C}.PRDAPP1WithTESTDBA|Any CPU.Build.0 = Debug|Any CPU
		{C46572D9-2424-4720-A874-8E22E8A3B50C}.PRDAPP1WithTESTDBA|Any CPU.Deploy.0 = Debug|Any CPU
		{C46572D9-2424-4720-A874-8E22E8A3B50C}.PRDAPP3WithPRDDB3|Any CPU.ActiveCfg = Debug|Any CPU
		{C46572D9-2424-4720-A874-8E22E8A3B50C}.PRDAPP3WithTESTDB3|Any CPU.ActiveCfg = TRAINING|Any CPU
		{C46572D9-2424-4720-A874-8E22E8A3B50C}.PRDAPP3WithTESTDB3|Any CPU.Build.0 = TRAINING|Any CPU
		{C46572D9-2424-4720-A874-8E22E8A3B50C}.PRDAPP3WithTESTDB3|Any CPU.Deploy.0 = TRAINING|Any CPU
		{C46572D9-2424-4720-A874-8E22E8A3B50C}.Release|Any CPU.ActiveCfg = TRAINING|Any CPU
		{C46572D9-2424-4720-A874-8E22E8A3B50C}.Release|Any CPU.Build.0 = TRAINING|Any CPU
		{C46572D9-2424-4720-A874-8E22E8A3B50C}.Release|Any CPU.Deploy.0 = TRAINING|Any CPU
		{C46572D9-2424-4720-A874-8E22E8A3B50C}.TESTAPP3WithTESTDB3|Any CPU.ActiveCfg = TESTAPP3WithTESTDB3|Any CPU
		{C46572D9-2424-4720-A874-8E22E8A3B50C}.TESTAPP3WithTESTDB3|Any CPU.Deploy.0 = TESTAPP3WithTESTDB3|Any CPU
		{C46572D9-2424-4720-A874-8E22E8A3B50C}.TESTAPPONRESTORE|Any CPU.ActiveCfg = Debug|Any CPU
		{C46572D9-2424-4720-A874-8E22E8A3B50C}.TESTAPPONRESTORE|Any CPU.Build.0 = Debug|Any CPU
		{C46572D9-2424-4720-A874-8E22E8A3B50C}.TESTAPPONRESTORE|Any CPU.Deploy.0 = Debug|Any CPU
		{C46572D9-2424-4720-A874-8E22E8A3B50C}.TESTAPPWithDEVDB|Any CPU.ActiveCfg = Debug|Any CPU
		{C46572D9-2424-4720-A874-8E22E8A3B50C}.TESTAPPWithTESTDBA|Any CPU.ActiveCfg = Debug|Any CPU
		{C46572D9-2424-4720-A874-8E22E8A3B50C}.TESTAPPWithTESTDBA|Any CPU.Build.0 = Debug|Any CPU
		{C46572D9-2424-4720-A874-8E22E8A3B50C}.TESTAPPWithTESTDBA|Any CPU.Deploy.0 = Debug|Any CPU
		{C46572D9-2424-4720-A874-8E22E8A3B50C}.TRAINING|Any CPU.ActiveCfg = TRAINING|Any CPU
		{C46572D9-2424-4720-A874-8E22E8A3B50C}.TRAINING|Any CPU.Deploy.0 = TRAINING|Any CPU
		{697FF19A-B5CD-4D31-82C5-61B54690C04B}.Debug|Any CPU.ActiveCfg = Debug|Any CPU
		{697FF19A-B5CD-4D31-82C5-61B54690C04B}.Debug|Any CPU.Build.0 = Debug|Any CPU
		{697FF19A-B5CD-4D31-82C5-61B54690C04B}.DEVAPP3WithDEVDB|Any CPU.ActiveCfg = DEVAPP3WithDEVDB|Any CPU
		{697FF19A-B5CD-4D31-82C5-61B54690C04B}.DEVAPP3WithDEVDB|Any CPU.Build.0 = DEVAPP3WithDEVDB|Any CPU
		{697FF19A-B5CD-4D31-82C5-61B54690C04B}.DEVAPP3WithTESTDBA|Any CPU.ActiveCfg = DEVAPP3WithTESTDBA|Any CPU
		{697FF19A-B5CD-4D31-82C5-61B54690C04B}.DEVAPP3WithTESTDBA|Any CPU.Build.0 = DEVAPP3WithTESTDBA|Any CPU
		{697FF19A-B5CD-4D31-82C5-61B54690C04B}.I2DEVELOPMENT|Any CPU.ActiveCfg = I2DEVELOPMENT|Any CPU
		{697FF19A-B5CD-4D31-82C5-61B54690C04B}.I2DEVELOPMENT|Any CPU.Build.0 = I2DEVELOPMENT|Any CPU
		{697FF19A-B5CD-4D31-82C5-61B54690C04B}.LocalWithDEVDB2|Any CPU.ActiveCfg = LocalWithDEVDB2|Any CPU
		{697FF19A-B5CD-4D31-82C5-61B54690C04B}.LocalWithDEVDB2|Any CPU.Build.0 = LocalWithDEVDB2|Any CPU
		{697FF19A-B5CD-4D31-82C5-61B54690C04B}.LocalWithTESTDBA|Any CPU.ActiveCfg = LocalWithTESTDBA|Any CPU
		{697FF19A-B5CD-4D31-82C5-61B54690C04B}.LocalWithTESTDBA|Any CPU.Build.0 = LocalWithTESTDBA|Any CPU
		{697FF19A-B5CD-4D31-82C5-61B54690C04B}.PRDAPP1WithDEVDB|Any CPU.ActiveCfg = PRDAPP1WithTESTDBA|Any CPU
		{697FF19A-B5CD-4D31-82C5-61B54690C04B}.PRDAPP1WithDEVDB|Any CPU.Build.0 = PRDAPP1WithTESTDBA|Any CPU
		{697FF19A-B5CD-4D31-82C5-61B54690C04B}.PRDAPP1WITHPRDDB1|Any CPU.ActiveCfg = PRDAPP1WITHPRDDB1|Any CPU
		{697FF19A-B5CD-4D31-82C5-61B54690C04B}.PRDAPP1WITHPRDDB1|Any CPU.Build.0 = PRDAPP1WITHPRDDB1|Any CPU
		{697FF19A-B5CD-4D31-82C5-61B54690C04B}.PRDAPP1WithTESTDBA|Any CPU.ActiveCfg = PRDAPP1WithTESTDBA|Any CPU
		{697FF19A-B5CD-4D31-82C5-61B54690C04B}.PRDAPP1WithTESTDBA|Any CPU.Build.0 = PRDAPP1WithTESTDBA|Any CPU
		{697FF19A-B5CD-4D31-82C5-61B54690C04B}.PRDAPP3WithPRDDB3|Any CPU.ActiveCfg = PRDAPP3WithPRDDB3|Any CPU
		{697FF19A-B5CD-4D31-82C5-61B54690C04B}.PRDAPP3WithPRDDB3|Any CPU.Build.0 = PRDAPP3WithPRDDB3|Any CPU
		{697FF19A-B5CD-4D31-82C5-61B54690C04B}.PRDAPP3WithTESTDB3|Any CPU.ActiveCfg = PRDAPP3WithTESTDB3|Any CPU
		{697FF19A-B5CD-4D31-82C5-61B54690C04B}.PRDAPP3WithTESTDB3|Any CPU.Build.0 = PRDAPP3WithTESTDB3|Any CPU
		{697FF19A-B5CD-4D31-82C5-61B54690C04B}.Release|Any CPU.ActiveCfg = Release|Any CPU
		{697FF19A-B5CD-4D31-82C5-61B54690C04B}.Release|Any CPU.Build.0 = Release|Any CPU
		{697FF19A-B5CD-4D31-82C5-61B54690C04B}.TESTAPP3WithTESTDB3|Any CPU.ActiveCfg = TESTAPP3WithTESTDB3|Any CPU
		{697FF19A-B5CD-4D31-82C5-61B54690C04B}.TESTAPP3WithTESTDB3|Any CPU.Build.0 = TESTAPP3WithTESTDB3|Any CPU
		{697FF19A-B5CD-4D31-82C5-61B54690C04B}.TESTAPPONRESTORE|Any CPU.ActiveCfg = TESTAPPONRESTORE|Any CPU
		{697FF19A-B5CD-4D31-82C5-61B54690C04B}.TESTAPPONRESTORE|Any CPU.Build.0 = TESTAPPONRESTORE|Any CPU
		{697FF19A-B5CD-4D31-82C5-61B54690C04B}.TESTAPPWithDEVDB|Any CPU.ActiveCfg = TESTAPPWithDEVDB|Any CPU
		{697FF19A-B5CD-4D31-82C5-61B54690C04B}.TESTAPPWithDEVDB|Any CPU.Build.0 = TESTAPPWithDEVDB|Any CPU
		{697FF19A-B5CD-4D31-82C5-61B54690C04B}.TESTAPPWithTESTDBA|Any CPU.ActiveCfg = TESTAPPWithDEVDB|Any CPU
		{697FF19A-B5CD-4D31-82C5-61B54690C04B}.TESTAPPWithTESTDBA|Any CPU.Build.0 = TESTAPPWithDEVDB|Any CPU
		{697FF19A-B5CD-4D31-82C5-61B54690C04B}.TRAINING|Any CPU.ActiveCfg = TRAINING|Any CPU
		{697FF19A-B5CD-4D31-82C5-61B54690C04B}.TRAINING|Any CPU.Build.0 = TRAINING|Any CPU
	EndGlobalSection
	GlobalSection(SolutionProperties) = preSolution
		HideSolutionNode = FALSE
	EndGlobalSection
	GlobalSection(ExtensibilityGlobals) = postSolution
		SolutionGuid = {226A938C-742A-4FA6-9DFE-20F909D710F6}
	EndGlobalSection
	GlobalSection(TeamFoundationVersionControl) = preSolution
		SccNumberOfProjects = 12
		SccEnterpriseProvider = {4CA58AB2-18FA-4F8D-95D4-32DDF27D184C}
		SccTeamFoundationServer = https://ammhinsqltmsv4.va.gov/vanac
		SccLocalPath0 = .
		SccProjectUniqueName1 = ..\\ApplicationStartup\\ApplicationStartup.csproj
		SccProjectName1 = ../ApplicationStartup
		SccLocalPath1 = ..\\ApplicationStartup
		SccProjectUniqueName2 = ..\\ApplicationSharedObj\\ApplicationSharedObj.csproj
		SccProjectName2 = ../ApplicationSharedObj
		SccLocalPath2 = ..\\ApplicationSharedObj
		SccProjectUniqueName3 = ..\\NACCMBrowserObj\\NACCMBrowserObj.csproj
		SccProjectName3 = ../NACCMBrowserObj
		SccLocalPath3 = ..\\NACCMBrowserObj
		SccProjectUniqueName4 = ..\\NACUserRoleObj\\NACUserRoleObj.csproj
		SccProjectName4 = ../NACUserRoleObj
		SccLocalPath4 = ..\\NACUserRoleObj
		SccProjectUniqueName5 = ..\\CMDBInterface\\CMDBInterface.csproj
		SccProjectName5 = ../CMDBInterface
		SccLocalPath5 = ..\\CMDBInterface
		SccProjectUniqueName6 = ..\\DrugItems\\DrugItems.csproj
		SccProjectName6 = ../DrugItems
		SccLocalPath6 = ..\\DrugItems
		SccProjectUniqueName7 = ..\\ReportManager\\ReportManager.csproj
		SccProjectName7 = ../ReportManager
		SccLocalPath7 = ..\\ReportManager
		SccProjectUniqueName8 = ..\\CMBrowserApplicationStoredProcedures\\CMBrowserApplicationStoredProcedures.sqlproj
		SccProjectName8 = ../CMBrowserApplicationStoredProcedures
		SccLocalPath8 = ..\\CMBrowserApplicationStoredProcedures
		SccProjectUniqueName9 = ..\\DrugItemStoredProcedures\\DrugItemStoredProcedures.sqlproj
		SccProjectName9 = ../DrugItemStoredProcedures
		SccLocalPath9 = ..\\DrugItemStoredProcedures
		SccProjectUniqueName10 = ..\\Triggers\\Triggers.sqlproj
		SccProjectName10 = ../Triggers
		SccLocalPath10 = ..\\Triggers
		SccProjectUniqueName11 = NACCM.vbproj
		SccLocalPath11 = .
	EndGlobalSection
EndGlobal
